// !$*UTF8*$!
{
	archiveVersion = 1;
	classes = {
	};
	objectVersion = 50;
	objects = {

/* Begin PBXBuildFile section */
		97C7F25D25EE2398007FB1CE /* AppDelegate.swift in Sources */ = {isa = PBXBuildFile; fileRef = 97C7F25C25EE2398007FB1CE /* AppDelegate.swift */; };
		97C7F25F25EE2398007FB1CE /* SceneDelegate.swift in Sources */ = {isa = PBXBuildFile; fileRef = 97C7F25E25EE2398007FB1CE /* SceneDelegate.swift */; };
		97C7F26125EE2398007FB1CE /* ViewController.swift in Sources */ = {isa = PBXBuildFile; fileRef = 97C7F26025EE2398007FB1CE /* ViewController.swift */; };
		97C7F26425EE2398007FB1CE /* Main.storyboard in Resources */ = {isa = PBXBuildFile; fileRef = 97C7F26225EE2398007FB1CE /* Main.storyboard */; };
		97C7F26625EE239A007FB1CE /* Assets.xcassets in Resources */ = {isa = PBXBuildFile; fileRef = 97C7F26525EE239A007FB1CE /* Assets.xcassets */; };
		97C7F26925EE239A007FB1CE /* LaunchScreen.storyboard in Resources */ = {isa = PBXBuildFile; fileRef = 97C7F26725EE239A007FB1CE /* LaunchScreen.storyboard */; };
		97C7F27925EE2B48007FB1CE /* VideoCompresion.swift in Sources */ = {isa = PBXBuildFile; fileRef = 97C7F27825EE2B48007FB1CE /* VideoCompresion.swift */; };
/* End PBXBuildFile section */

/* Begin PBXFileReference section */
		97C7F25925EE2398007FB1CE /* VideoCompression.app */ = {isa = PBXFileReference; explicitFileType = wrapper.application; includeInIndex = 0; path = VideoCompression.app; sourceTree = BUILT_PRODUCTS_DIR; };
		97C7F25C25EE2398007FB1CE /* AppDelegate.swift */ = {isa = PBXFileReference; lastKnownFileType = sourcecode.swift; path = AppDelegate.swift; sourceTree = "<group>"; };
		97C7F25E25EE2398007FB1CE /* SceneDelegate.swift */ = {isa = PBXFileReference; lastKnownFileType = sourcecode.swift; path = SceneDelegate.swift; sourceTree = "<group>"; };
		97C7F26025EE2398007FB1CE /* ViewController.swift */ = {isa = PBXFileReference; lastKnownFileType = sourcecode.swift; path = ViewController.swift; sourceTree = "<group>"; };
		97C7F26325EE2398007FB1CE /* Base */ = {isa = PBXFileReference; lastKnownFileType = file.storyboard; name = Base; path = Base.lproj/Main.storyboard; sourceTree = "<group>"; };
		97C7F26525EE239A007FB1CE /* Assets.xcassets */ = {isa = PBXFileReference; lastKnownFileType = folder.assetcatalog; path = Assets.xcassets; sourceTree = "<group>"; };
		97C7F26825EE239A007FB1CE /* Base */ = {isa = PBXFileReference; lastKnownFileType = file.storyboard; name = Base; path = Base.lproj/LaunchScreen.storyboard; sourceTree = "<group>"; };
		97C7F26A25EE239A007FB1CE /* Info.plist */ = {isa = PBXFileReference; lastKnownFileType = text.plist.xml; path = Info.plist; sourceTree = "<group>"; };
		97C7F27825EE2B48007FB1CE /* VideoCompresion.swift */ = {isa = PBXFileReference; lastKnownFileType = sourcecode.swift; path = VideoCompresion.swift; sourceTree = "<group>"; };
/* End PBXFileReference section */

/* Begin PBXFrameworksBuildPhase section */
		97C7F25625EE2398007FB1CE /* Frameworks */ = {
			isa = PBXFrameworksBuildPhase;
			buildActionMask = 2147483647;
			files = (
			);
			runOnlyForDeploymentPostprocessing = 0;
		};
/* End PBXFrameworksBuildPhase section */

/* Begin PBXGroup section */
		97C7F25025EE2398007FB1CE = {
			isa = PBXGroup;
			children = (
				97C7F25B25EE2398007FB1CE /* VideoCompression */,
				97C7F25A25EE2398007FB1CE /* Products */,
			);
			sourceTree = "<group>";
		};
		97C7F25A25EE2398007FB1CE /* Products */ = {
			isa = PBXGroup;
			children = (
				97C7F25925EE2398007FB1CE /* VideoCompression.app */,
			);
			name = Products;
			sourceTree = "<group>";
		};
		97C7F25B25EE2398007FB1CE /* VideoCompression */ = {
			isa = PBXGroup;
			children = (
				97C7F25C25EE2398007FB1CE /* AppDelegate.swift */,
				97C7F25E25EE2398007FB1CE /* SceneDelegate.swift */,
				97C7F26025EE2398007FB1CE /* ViewController.swift */,
				97C7F27825EE2B48007FB1CE /* VideoCompresion.swift */,
				97C7F26225EE2398007FB1CE /* Main.storyboard */,
				97C7F26525EE239A007FB1CE /* Assets.xcassets */,
				97C7F26725EE239A007FB1CE /* LaunchScreen.storyboard */,
				97C7F26A25EE239A007FB1CE /* Info.plist */,
			);
			path = VideoCompression;
			sourceTree = "<group>";
		};
/* End PBXGroup section */

/* Begin PBXNativeTarget section */
		97C7F25825EE2398007FB1CE /* VideoCompression */ = {
			isa = PBXNativeTarget;
			buildConfigurationList = 97C7F26D25EE239A007FB1CE /* Build configuration list for PBXNativeTarget "VideoCompression" */;
			buildPhases = (
				97C7F25525EE2398007FB1CE /* Sources */,
				97C7F25625EE2398007FB1CE /* Frameworks */,
				97C7F25725EE2398007FB1CE /* Resources */,
			);
			buildRules = (
			);
			dependencies = (
			);
			name = VideoCompression;
			productName = VideoCompression;
			productReference = 97C7F25925EE2398007FB1CE /* VideoCompression.app */;
			productType = "com.apple.product-type.application";
		};
/* End PBXNativeTarget section */

/* Begin PBXProject section */
		97C7F25125EE2398007FB1CE /* Project object */ = {
			isa = PBXProject;
			attributes = {
				LastSwiftUpdateCheck = 1240;
				LastUpgradeCheck = 1240;
				TargetAttributes = {
					97C7F25825EE2398007FB1CE = {
						CreatedOnToolsVersion = 12.4;
					};
				};
			};
			buildConfigurationList = 97C7F25425EE2398007FB1CE /* Build configuration list for PBXProject "VideoCompression" */;
			compatibilityVersion = "Xcode 9.3";
			developmentRegion = en;
			hasScannedForEncodings = 0;
			knownRegions = (
				en,
				Base,
			);
			mainGroup = 97C7F25025EE2398007FB1CE;
			productRefGroup = 97C7F25A25EE2398007FB1CE /* Products */;
			projectDirPath = "";
			projectRoot = "";
			targets = (
				97C7F25825EE2398007FB1CE /* VideoCompression */,
			);
		};
/* End PBXProject section */

/* Begin PBXResourcesBuildPhase section */
		97C7F25725EE2398007FB1CE /* Resources */ = {
			isa = PBXResourcesBuildPhase;
			buildActionMask = 2147483647;
			files = (
				97C7F26925EE239A007FB1CE /* LaunchScreen.storyboard in Resources */,
				97C7F26625EE239A007FB1CE /* Assets.xcassets in Resources */,
				97C7F26425EE2398007FB1CE /* Main.storyboard in Resources */,
			);
			runOnlyForDeploymentPostprocessing = 0;
		};
/* End PBXResourcesBuildPhase section */

/* Begin PBXSourcesBuildPhase section */
		97C7F25525EE2398007FB1CE /* Sources */ = {
			isa = PBXSourcesBuildPhase;
			buildActionMask = 2147483647;
			files = (
				97C7F26125EE2398007FB1CE /* ViewController.swift in Sources */,
				97C7F25D25EE2398007FB1CE /* AppDelegate.swift in Sources */,
				97C7F27925EE2B48007FB1CE /* VideoCompresion.swift in Sources */,
				97C7F25F25EE2398007FB1CE /* SceneDelegate.swift in Sources */,
			);
			runOnlyForDeploymentPostprocessing = 0;
		};
/* End PBXSourcesBuildPhase section */

/* Begin PBXVariantGroup section */
		97C7F26225EE2398007FB1CE /* Main.storyboard */ = {
			isa = PBXVariantGroup;
			children = (
				97C7F26325EE2398007FB1CE /* Base */,
			);
			name = Main.storyboard;
			sourceTree = "<group>";
		};
		97C7F26725EE239A007FB1CE /* LaunchScreen.storyboard */ = {
			isa = PBXVariantGroup;
			children = (
				97C7F26825EE239A007FB1CE /* Base */,
			);
			name = LaunchScreen.storyboard;
			sourceTree = "<group>";
		};
/* End PBXVariantGroup section */

/* Begin XCBuildConfiguration section */
		97C7F26B25EE239A007FB1CE /* Debug */ = {
			isa = XCBuildConfiguration;
			buildSettings = {
				ALWAYS_SEARCH_USER_PATHS = NO;
				CLANG_ANALYZER_NONNULL = YES;
				CLANG_ANALYZER_NUMBER_OBJECT_CONVERSION = YES_AGGRESSIVE;
				CLANG_CXX_LANGUAGE_STANDARD = "gnu++14";
				CLANG_CXX_LIBRARY = "libc++";
				CLANG_ENABLE_MODULES = YES;
				CLANG_ENABLE_OBJC_ARC = YES;
				CLANG_ENABLE_OBJC_WEAK = YES;
				CLANG_WARN_BLOCK_CAPTURE_AUTORELEASING = YES;
				CLANG_WARN_BOOL_CONVERSION = YES;
				CLANG_WARN_COMMA = YES;
				CLANG_WARN_CONSTANT_CONVERSION = YES;
				CLANG_WARN_DEPRECATED_OBJC_IMPLEMENTATIONS = YES;
				CLANG_WARN_DIRECT_OBJC_ISA_USAGE = YES_ERROR;
				CLANG_WARN_DOCUMENTATION_COMMENTS = YES;
				CLANG_WARN_EMPTY_BODY = YES;
				CLANG_WARN_ENUM_CONVERSION = YES;
				CLANG_WARN_INFINITE_RECURSION = YES;
				CLANG_WARN_INT_CONVERSION = YES;
				CLANG_WARN_NON_LITERAL_NULL_CONVERSION = YES;
				CLANG_WARN_OBJC_IMPLICIT_RETAIN_SELF = YES;
				CLANG_WARN_OBJC_LITERAL_CONVERSION = YES;
				CLANG_WARN_OBJC_ROOT_CLASS = YES_ERROR;
				CLANG_WARN_QUOTED_INCLUDE_IN_FRAMEWORK_HEADER = YES;
				CLANG_WARN_RANGE_LOOP_ANALYSIS = YES;
				CLANG_WARN_STRICT_PROTOTYPES = YES;
				CLANG_WARN_SUSPICIOUS_MOVE = YES;
				CLANG_WARN_UNGUARDED_AVAILABILITY = YES_AGGRESSIVE;
				CLANG_WARN_UNREACHABLE_CODE = YES;
				CLANG_WARN__DUPLICATE_METHOD_MATCH = YES;
				COPY_PHASE_STRIP = NO;
				DEBUG_INFORMATION_FORMAT = dwarf;
				ENABLE_STRICT_OBJC_MSGSEND = YES;
				ENABLE_TESTABILITY = YES;
				GCC_C_LANGUAGE_STANDARD = gnu11;
				GCC_DYNAMIC_NO_PIC = NO;
				GCC_NO_COMMON_BLOCKS = YES;
				GCC_OPTIMIZATION_LEVEL = 0;
				GCC_PREPROCESSOR_DEFINITIONS = (
					"DEBUG=1",
					"$(inherited)",
				);
				GCC_WARN_64_TO_32_BIT_CONVERSION = YES;
				GCC_WARN_ABOUT_RETURN_TYPE = YES_ERROR;
				GCC_WARN_UNDECLARED_SELECTOR = YES;
				GCC_WARN_UNINITIALIZED_AUTOS = YES_AGGRESSIVE;
				GCC_WARN_UNUSED_FUNCTION = YES;
				GCC_WARN_UNUSED_VARIABLE = YES;
				IPHONEOS_DEPLOYMENT_TARGET = 14.4;
				MTL_ENABLE_DEBUG_INFO = INCLUDE_SOURCE;
				MTL_FAST_MATH = YES;
				ONLY_ACTIVE_ARCH = YES;
				SDKROOT = iphoneos;
				SWIFT_ACTIVE_COMPILATION_CONDITIONS = DEBUG;
				SWIFT_OPTIMIZATION_LEVEL = "-Onone";
			};
			name = Debug;
		};
		97C7F26C25EE239A007FB1CE /* Release */ = {
			isa = XCBuildConfiguration;
			buildSettings = {
				ALWAYS_SEARCH_USER_PATHS = NO;
				CLANG_ANALYZER_NONNULL = YES;
				CLANG_ANALYZER_NUMBER_OBJECT_CONVERSION = YES_AGGRESSIVE;
				CLANG_CXX_LANGUAGE_STANDARD = "gnu++14";
				CLANG_CXX_LIBRARY = "libc++";
				CLANG_ENABLE_MODULES = YES;
				CLANG_ENABLE_OBJC_ARC = YES;
				CLANG_ENABLE_OBJC_WEAK = YES;
				CLANG_WARN_BLOCK_CAPTURE_AUTORELEASING = YES;
				CLANG_WARN_BOOL_CONVERSION = YES;
				CLANG_WARN_COMMA = YES;
				CLANG_WARN_CONSTANT_CONVERSION = YES;
				CLANG_WARN_DEPRECATED_OBJC_IMPLEMENTATIONS = YES;
				CLANG_WARN_DIRECT_OBJC_ISA_USAGE = YES_ERROR;
				CLANG_WARN_DOCUMENTATION_COMMENTS = YES;
				CLANG_WARN_EMPTY_BODY = YES;
				CLANG_WARN_ENUM_CONVERSION = YES;
				CLANG_WARN_INFINITE_RECURSION = YES;
				CLANG_WARN_INT_CONVERSION = YES;
				CLANG_WARN_NON_LITERAL_NULL_CONVERSION = YES;
				CLANG_WARN_OBJC_IMPLICIT_RETAIN_SELF = YES;
				CLANG_WARN_OBJC_LITERAL_CONVERSION = YES;
				CLANG_WARN_OBJC_ROOT_CLASS = YES_ERROR;
				CLANG_WARN_QUOTED_INCLUDE_IN_FRAMEWORK_HEADER = YES;
				CLANG_WARN_RANGE_LOOP_ANALYSIS = YES;
				CLANG_WARN_STRICT_PROTOTYPES = YES;
				CLANG_WARN_SUSPICIOUS_MOVE = YES;
				CLANG_WARN_UNGUARDED_AVAILABILITY = YES_AGGRESSIVE;
				CLANG_WARN_UNREACHABLE_CODE = YES;
				CLANG_WARN__DUPLICATE_METHOD_MATCH = YES;
				COPY_PHASE_STRIP = NO;
				DEBUG_INFORMATION_FORMAT = "dwarf-with-dsym";
				ENABLE_NS_ASSERTIONS = NO;
				ENABLE_STRICT_OBJC_MSGSEND = YES;
				GCC_C_LANGUAGE_STANDARD = gnu11;
				GCC_NO_COMMON_BLOCKS = YES;
				GCC_WARN_64_TO_32_BIT_CONVERSION = YES;
				GCC_WARN_ABOUT_RETURN_TYPE = YES_ERROR;
				GCC_WARN_UNDECLARED_SELECTOR = YES;
				GCC_WARN_UNINITIALIZED_AUTOS = YES_AGGRESSIVE;
				GCC_WARN_UNUSED_FUNCTION = YES;
				GCC_WARN_UNUSED_VARIABLE = YES;
				IPHONEOS_DEPLOYMENT_TARGET = 14.4;
				MTL_ENABLE_DEBUG_INFO = NO;
				MTL_FAST_MATH = YES;
				SDKROOT = iphoneos;
				SWIFT_COMPILATION_MODE = wholemodule;
				SWIFT_OPTIMIZATION_LEVEL = "-O";
				VALIDATE_PRODUCT = YES;
			};
			name = Release;
		};
		97C7F26E25EE239A007FB1CE /* Debug */ = {
			isa = XCBuildConfiguration;
			buildSettings = {
				ASSETCATALOG_COMPILER_APPICON_NAME = AppIcon;
				ASSETCATALOG_COMPILER_GLOBAL_ACCENT_COLOR_NAME = AccentColor;
				CODE_SIGN_STYLE = Automatic;
				DEVELOPMENT_TEAM = N9G92VG962;
				INFOPLIST_FILE = VideoCompression/Info.plist;
				IPHONEOS_DEPLOYMENT_TARGET = 14.1;
				LD_RUNPATH_SEARCH_PATHS = (
					"$(inherited)",
					"@executable_path/Frameworks",
				);
				PRODUCT_BUNDLE_IDENTIFIER = com.fraker.VideoCompression;
				PRODUCT_NAME = "$(TARGET_NAME)";
				SWIFT_VERSION = 5.0;
				TARGETED_DEVICE_FAMILY = "1,2";
			};
			name = Debug;
		};
		97C7F26F25EE239A007FB1CE /* Release */ = {
			isa = XCBuildConfiguration;
			buildSettings = {
				ASSETCATALOG_COMPILER_APPICON_NAME = AppIcon;
				ASSETCATALOG_COMPILER_GLOBAL_ACCENT_COLOR_NAME = AccentColor;
				CODE_SIGN_STYLE = Automatic;
				DEVELOPMENT_TEAM = N9G92VG962;
				INFOPLIST_FILE = VideoCompression/Info.plist;
				IPHONEOS_DEPLOYMENT_TARGET = 14.1;
				LD_RUNPATH_SEARCH_PATHS = (
					"$(inherited)",
					"@executable_path/Frameworks",
				);
				PRODUCT_BUNDLE_IDENTIFIER = com.fraker.VideoCompression;
				PRODUCT_NAME = "$(TARGET_NAME)";
				SWIFT_VERSION = 5.0;
				TARGETED_DEVICE_FAMILY = "1,2";
			};
			name = Release;
		};
/* End XCBuildConfiguration section */

/* Begin XCConfigurationList section */
		97C7F25425EE2398007FB1CE /* Build configuration list for PBXProject "VideoCompression" */ = {
			isa = XCConfigurationList;
			buildConfigurations = (
				97C7F26B25EE239A007FB1CE /* Debug */,
				97C7F26C25EE239A007FB1CE /* Release */,
			);
			defaultConfigurationIsVisible = 0;
			defaultConfigurationName = Release;
		};
		97C7F26D25EE239A007FB1CE /* Build configuration list for PBXNativeTarget "VideoCompression" */ = {
			isa = XCConfigurationList;
			buildConfigurations = (
				97C7F26E25EE239A007FB1CE /* Debug */,
				97C7F26F25EE239A007FB1CE /* Release */,
			);
			defaultConfigurationIsVisible = 0;
			defaultConfigurationName = Release;
		};
/* End XCConfigurationList section */
	};
	rootObject = 97C7F25125EE2398007FB1CE /* Project object */;
}
